
Microsoft Visual Studio Solution File, Format Version 12.00
# Visual Studio Version 17
VisualStudioVersion = 17.9.34622.214
MinimumVisualStudioVersion = 10.0.40219.1
Project("{FAE04EC0-301F-11D3-BF4B-00C04F79EFBC}") = "PersonalReviews", "PersonalReviews\PersonalReviews.csproj", "{52B480C5-A009-4F17-A691-2AE648AA920E}"
EndProject
Global
	GlobalSection(SolutionConfigurationPlatforms) = preSolution
		Debug|Any CPU = Debug|Any CPU
		Release|Any CPU = Release|Any CPU
	EndGlobalSection
	GlobalSection(ProjectConfigurationPlatforms) = postSolution
		{52B480C5-A009-4F17-A691-2AE648AA920E}.Debug|Any CPU.ActiveCfg = Debug|Any CPU
		{52B480C5-A009-4F17-A691-2AE648AA920E}.Debug|Any CPU.Build.0 = Debug|Any CPU
		{52B480C5-A009-4F17-A691-2AE648AA920E}.Release|Any CPU.ActiveCfg = Release|Any CPU
		{52B480C5-A009-4F17-A691-2AE648AA920E}.Release|Any CPU.Build.0 = Release|Any CPU
	EndGlobalSection
	GlobalSection(SolutionProperties) = preSolution
		HideSolutionNode = FALSE
	EndGlobalSection
	GlobalSection(ExtensibilityGlobals) = postSolution
		SolutionGuid = {C43A82E6-5856-46A6-B156-98A7C227545A}
	EndGlobalSection
EndGlobal
